
Microsoft Visual Studio Solution File, Format Version 12.00
# Visual Studio Version 17
VisualStudioVersion = 17.7.34003.232
MinimumVisualStudioVersion = 10.0.40219.1
Project("{FAE04EC0-301F-11D3-BF4B-00C04F79EFBC}") = "PlanoSaude", "PlanoSaude.csproj", "{2DB6D666-A82F-40DE-BE01-7DB6C7B90FC5}"
EndProject
Global
	GlobalSection(SolutionConfigurationPlatforms) = preSolution
		Debug|Any CPU = Debug|Any CPU
		Release|Any CPU = Release|Any CPU
	EndGlobalSection
	GlobalSection(ProjectConfigurationPlatforms) = postSolution
		{2DB6D666-A82F-40DE-BE01-7DB6C7B90FC5}.Debug|Any CPU.ActiveCfg = Debug|Any CPU
		{2DB6D666-A82F-40DE-BE01-7DB6C7B90FC5}.Debug|Any CPU.Build.0 = Debug|Any CPU
		{2DB6D666-A82F-40DE-BE01-7DB6C7B90FC5}.Release|Any CPU.ActiveCfg = Release|Any CPU
		{2DB6D666-A82F-40DE-BE01-7DB6C7B90FC5}.Release|Any CPU.Build.0 = Release|Any CPU
	EndGlobalSection
	GlobalSection(SolutionProperties) = preSolution
		HideSolutionNode = FALSE
	EndGlobalSection
	GlobalSection(ExtensibilityGlobals) = postSolution
		SolutionGuid = {22050313-0802-4E66-A2EF-2CE7409B815D}
	EndGlobalSection
EndGlobal
